lockfileVersion: '9.0'

settings:
  autoInstallPeers: true
  excludeLinksFromLockfile: false

importers:

  .:
    devDependencies:
      dotenv:
        specifier: 17.3.1
        version: 17.3.1
      turbo:
        specifier: 2.8.20
        version: 2.8.20

  packages/purelymail:
    devDependencies:
      fern-api:
        specifier: 4.26.0
        version: 4.26.0

  packages/whatsapp:
    devDependencies:
      fern-api:
        specifier: 4.26.0
        version: 4.26.0

packages:

  '@boundaryml/baml-darwin-arm64@0.219.0':
    resolution: {integrity: sha512-jhPN83UM+9Y99aCbzIS/3OpC7N8dOukPZO2piueIbzsmpaJrzTW+srKxYtVDE26Q9riFypOmizSs5SBFst04Fw==}
    engines: {node: '>= 10'}
    cpu: [arm64]
    os: [darwin]

  '@boundaryml/baml-darwin-x64@0.219.0':
    resolution: {integrity: sha512-t7pnbVT3KEE3+stOrW7nATdipCWK8OK1gTV8qiD4pN8lZwGMtJpzrVvgWeycroWCaeJ8tNsQA/V2FyFU9pqjkg==}
    engines: {node: '>= 10'}
    cpu: [x64]
    os: [darwin]

  '@boundaryml/baml-linux-arm64-gnu@0.219.0':
    resolution: {integrity: sha512-a3ikRhlOdX+Lb08TaZU4k1Qb55mAHMuwArxpM1No/ltc0ylvo9EbJ4Nv0ZKemEHdngM6udagwdDxohpNzR1QTg==}
    engines: {node: '>= 10'}
    cpu: [arm64]
    os: [linux]
    libc: [glibc]

  '@boundaryml/baml-linux-arm64-musl@0.219.0':
    resolution: {integrity: sha512-KjwJL5aXf4XvwpX3RwMau19XcHDcffhbiTX+tk41kGC4LZl7UXB4FgnOBtSOMvWtHj2f4cIN81+yCZBRsMxdNg==}
    engines: {node: '>= 10'}
    cpu: [arm64]
    os: [linux]
    libc: [musl]

  '@boundaryml/baml-linux-x64-gnu@0.219.0':
    resolution: {integrity: sha512-JWMhzx1LDfCPwDbOUQbFaPgNb7TUvLCb4+1TjRAJR+Z2Nl08RqNWUUfFctMEzsN6HrcHVOZ0xSl/hJRxN8OcTA==}
    engines: {node: '>= 10'}
    cpu: [x64]
    os: [linux]
    libc: [glibc]

  '@boundaryml/baml-linux-x64-musl@0.219.0':
    resolution: {integrity: sha512-lPosn6eJqI+8EjMI71AUEb3B9uk4dUfQgerbDyu6FvNMWx+HZDPB4UWl66+OlEeMA2Gb6DUp3LLE/Jl9/KDKSg==}
    engines: {node: '>= 10'}
    cpu: [x64]
    os: [linux]
    libc: [musl]

  '@boundaryml/baml-win32-arm64-msvc@0.219.0':
    resolution: {integrity: sha512-djy9pn8s1Ogr3ovTDxDcOiM1YOhkBwNsBnlZDQzrIdR/LgSh/GGmrwW5Ks3gfa2NvvNOIFPccdUp0nDZZNsjfQ==}
    engines: {node: '>= 10'}
    cpu: [arm64]
    os: [win32]

  '@boundaryml/baml-win32-x64-msvc@0.219.0':
    resolution: {integrity: sha512-BJkgq/qyn3BcBZt3iyfYWirZyZrKiqa1J0OTWd45P8OQ8dJhRnU6JGcpXPTXNmkryXQFY+O4HA+lQBKA5SZ7kg==}
    engines: {node: '>= 10'}
    cpu: [x64]
    os: [win32]

  '@boundaryml/baml@0.219.0':
    resolution: {integrity: sha512-hE6t6G/1Td9yYN/T6E13igF06ZHD0J9dr5FH3tjCCZQplqTLBiVn4wyVoboK7ypjdHdGkg6O0vAcXrcbdwM6pA==}
    engines: {node: '>= 10'}
    hasBin: true

  '@scarf/scarf@1.4.0':
    resolution: {integrity: sha512-xxeapPiUXdZAE3che6f3xogoJPeZgig6omHEy1rIY5WVsB3H2BHNnZH+gHG6x91SCWyQCzWGsuL2Hh3ClO5/qQ==}

  '@turbo/darwin-64@2.8.20':
    resolution: {integrity: sha512-FQ9EX1xMU5nbwjxXxM3yU88AQQ6Sqc6S44exPRroMcx9XZHqqppl5ymJF0Ig/z3nvQNwDmz1Gsnvxubo+nXWjQ==}
    cpu: [x64]
    os: [darwin]

  '@turbo/darwin-arm64@2.8.20':
    resolution: {integrity: sha512-Gpyh9ATFGThD6/s9L95YWY54cizg/VRWl2B67h0yofG8BpHf67DFAh9nuJVKG7bY0+SBJDAo5cMur+wOl9YOYw==}
    cpu: [arm64]
    os: [darwin]

  '@turbo/linux-64@2.8.20':
    resolution: {integrity: sha512-p2QxWUYyYUgUFG0b0kR+pPi8t7c9uaVlRtjTTI1AbCvVqkpjUfCcReBn6DgG/Hu8xrWdKLuyQFaLYFzQskZbcA==}
    cpu: [x64]
    os: [linux]

  '@turbo/linux-arm64@2.8.20':
    resolution: {integrity: sha512-Gn5yjlZGLRZWarLWqdQzv0wMqyBNIdq1QLi48F1oY5Lo9kiohuf7BPQWtWxeNVS2NgJ1+nb/DzK1JduYC4AWOA==}
    cpu: [arm64]
    os: [linux]

  '@turbo/windows-64@2.8.20':
    resolution: {integrity: sha512-vyaDpYk/8T6Qz5V/X+ihKvKFEZFUoC0oxYpC1sZanK6gaESJlmV3cMRT3Qhcg4D2VxvtC2Jjs9IRkrZGL+exLw==}
    cpu: [x64]
    os: [win32]

  '@turbo/windows-arm64@2.8.20':
    resolution: {integrity: sha512-voicVULvUV5yaGXo0Iue13BcHGYW3u0VgqSbfQwBaHbpj1zLjYV4KIe+7fYIo6DO8FVUJzxFps3ODCQG/Wy2Qw==}
    cpu: [arm64]
    os: [win32]

  ansi-regex@5.0.1:
    resolution: {integrity: sha512-quJQXlTSUGL2LH9SUXo8VwsY4soanhgo6LNSm84E1LBcE8s3O0wpdiRzyR9z/ZZJMlMWv37qOOb9pdJlMUEKFQ==}
    engines: {node: '>=8'}

  cli-progress@3.12.0:
    resolution: {integrity: sha512-tRkV3HJ1ASwm19THiiLIXLO7Im7wlTuKnvkYaTkyoAPefqjNg7W7DHKUlGRxy9vxDvbyCYQkQozvptuMkGCg8A==}
    engines: {node: '>=4'}

  dotenv@17.3.1:
    resolution: {integrity: sha512-IO8C/dzEb6O3F9/twg6ZLXz164a2fhTnEWb95H23Dm4OuN+92NmEAlTrupP9VW6Jm3sO26tQlqyvyi4CsnY9GA==}
    engines: {node: '>=12'}

  emoji-regex@8.0.0:
    resolution: {integrity: sha512-MSjYzcWNOA0ewAHpz0MxpYFvwg6yjy1NG3xteoqz644VCo/RPgnr1/GGt+ic3iJTzQ8Eu3TdM14SawnVUmGE6A==}

  fern-api@4.26.0:
    resolution: {integrity: sha512-ka/2LVrPiNwxc63FrhRFL00LbaBOgrPvtqPY1fq5905r+s0jsCU+cCMIzrjMppiOPAvJV4mWU3Jm/oijZLzmzQ==}
    hasBin: true

  is-fullwidth-code-point@3.0.0:
    resolution: {integrity: sha512-zymm5+u+sCsSWyD9qNaejV3DFvhCKclKdizYaJUuHA83RLjb7nSuGnddCHGv0hk+KY7BMAlsWeK4Ueg6EV6XQg==}
    engines: {node: '>=8'}

  string-width@4.2.3:
    resolution: {integrity: sha512-wKyQRQpjJ0sIp62ErSZdGsjMJWsap5oRNihHhu6G7JVO/9jIB6UyevL+tXuOqrng8j/cxKTWyWUwvSTriiZz/g==}
    engines: {node: '>=8'}

  strip-ansi@6.0.1:
    resolution: {integrity: sha512-Y38VPSHcqkFrCpFnQ9vuSXmquuv5oXOKpGeT6aGrr3o3Gc9AlVa6JBfUSOCnbxGGZF+/0ooI7KrPuUSztUdU5A==}
    engines: {node: '>=8'}

  turbo@2.8.20:
    resolution: {integrity: sha512-Rb4qk5YT8RUwwdXtkLpkVhNEe/lor6+WV7S5tTlLpxSz6MjV5Qi8jGNn4gS6NAvrYGA/rNrE6YUQM85sCZUDbQ==}
    hasBin: true

snapshots:

  '@boundaryml/baml-darwin-arm64@0.219.0':
    optional: true

  '@boundaryml/baml-darwin-x64@0.219.0':
    optional: true

  '@boundaryml/baml-linux-arm64-gnu@0.219.0':
    optional: true

  '@boundaryml/baml-linux-arm64-musl@0.219.0':
    optional: true

  '@boundaryml/baml-linux-x64-gnu@0.219.0':
    optional: true

  '@boundaryml/baml-linux-x64-musl@0.219.0':
    optional: true

  '@boundaryml/baml-win32-arm64-msvc@0.219.0':
    optional: true

  '@boundaryml/baml-win32-x64-msvc@0.219.0':
    optional: true

  '@boundaryml/baml@0.219.0':
    dependencies:
      '@scarf/scarf': 1.4.0
    optionalDependencies:
      '@boundaryml/baml-darwin-arm64': 0.219.0
      '@boundaryml/baml-darwin-x64': 0.219.0
      '@boundaryml/baml-linux-arm64-gnu': 0.219.0
      '@boundaryml/baml-linux-arm64-musl': 0.219.0
      '@boundaryml/baml-linux-x64-gnu': 0.219.0
      '@boundaryml/baml-linux-x64-musl': 0.219.0
      '@boundaryml/baml-win32-arm64-msvc': 0.219.0
      '@boundaryml/baml-win32-x64-msvc': 0.219.0

  '@scarf/scarf@1.4.0': {}

  '@turbo/darwin-64@2.8.20':
    optional: true

  '@turbo/darwin-arm64@2.8.20':
    optional: true

  '@turbo/linux-64@2.8.20':
    optional: true

  '@turbo/linux-arm64@2.8.20':
    optional: true

  '@turbo/windows-64@2.8.20':
    optional: true

  '@turbo/windows-arm64@2.8.20':
    optional: true

  ansi-regex@5.0.1: {}

  cli-progress@3.12.0:
    dependencies:
      string-width: 4.2.3

  dotenv@17.3.1: {}

  emoji-regex@8.0.0: {}

  fern-api@4.26.0:
    dependencies:
      '@boundaryml/baml': 0.219.0
      cli-progress: 3.12.0

  is-fullwidth-code-point@3.0.0: {}

  string-width@4.2.3:
    dependencies:
      emoji-regex: 8.0.0
      is-fullwidth-code-point: 3.0.0
      strip-ansi: 6.0.1

  strip-ansi@6.0.1:
    dependencies:
      ansi-regex: 5.0.1

  turbo@2.8.20:
    optionalDependencies:
      '@turbo/darwin-64': 2.8.20
      '@turbo/darwin-arm64': 2.8.20
      '@turbo/linux-64': 2.8.20
      '@turbo/linux-arm64': 2.8.20
      '@turbo/windows-64': 2.8.20
      '@turbo/windows-arm64': 2.8.20
